
Microsoft Visual Studio Solution File, Format Version 12.00
# Visual Studio Version 16
VisualStudioVersion = 16.0.32407.337
MinimumVisualStudioVersion = 10.0.40219.1
Project("{FAE04EC0-301F-11D3-BF4B-00C04F79EFBC}") = "webApiipAweb", "webApiipAweb\webApiipAweb.csproj", "{75066518-68F3-403C-8824-93A2A392B965}"
EndProject
Global
	GlobalSection(SolutionConfigurationPlatforms) = preSolution
		Debug|Any CPU = Debug|Any CPU
		Release|Any CPU = Release|Any CPU
	EndGlobalSection
	GlobalSection(ProjectConfigurationPlatforms) = postSolution
		{75066518-68F3-403C-8824-93A2A392B965}.Debug|Any CPU.ActiveCfg = Debug|Any CPU
		{75066518-68F3-403C-8824-93A2A392B965}.Debug|Any CPU.Build.0 = Debug|Any CPU
		{75066518-68F3-403C-8824-93A2A392B965}.Release|Any CPU.ActiveCfg = Release|Any CPU
		{75066518-68F3-403C-8824-93A2A392B965}.Release|Any CPU.Build.0 = Release|Any CPU
	EndGlobalSection
	GlobalSection(SolutionProperties) = preSolution
		HideSolutionNode = FALSE
	EndGlobalSection
	GlobalSection(ExtensibilityGlobals) = postSolution
		SolutionGuid = {75CB3B5F-0C3C-419F-9373-06D72D0E01C8}
	EndGlobalSection
EndGlobal
